
Microsoft Visual Studio Solution File, Format Version 12.00
# Visual Studio 15
Project("{FAE04EC0-301F-11D3-BF4B-00C04F79EFBC}") = "Assembly-CSharp", "Assembly-CSharp.csproj", "{777A7C51-8C64-A791-69DC-9C95C2982AC1}"
EndProject
Global
	GlobalSection(SolutionConfigurationPlatforms) = preSolution
		Debug|Any CPU = Debug|Any CPU
		Release|Any CPU = Release|Any CPU
	EndGlobalSection
	GlobalSection(ProjectConfigurationPlatforms) = postSolution
		{777A7C51-8C64-A791-69DC-9C95C2982AC1}.Debug|Any CPU.ActiveCfg = Debug|Any CPU
		{777A7C51-8C64-A791-69DC-9C95C2982AC1}.Debug|Any CPU.Build.0 = Debug|Any CPU
		{777A7C51-8C64-A791-69DC-9C95C2982AC1}.Release|Any CPU.ActiveCfg = Release|Any CPU
		{777A7C51-8C64-A791-69DC-9C95C2982AC1}.Release|Any CPU.Build.0 = Release|Any CPU
	EndGlobalSection
	GlobalSection(SolutionProperties) = preSolution
		HideSolutionNode = FALSE
	EndGlobalSection
EndGlobal
